# This file is generated by running "yarn install" inside your project.
# Manual changes might be lost - proceed with caution!

__metadata:
  version: 8
  cacheKey: 10c0

"@babel/code-frame@npm:^7.0.0":
  version: 7.12.11
  resolution: "@babel/code-frame@npm:7.12.11"
  dependencies:
    "@babel/highlight": "npm:^7.10.4"
  checksum: 10c0/836ffd155506768e991d6dd8c51db37cad5958ed1c8e0a2329ccd9527165d5c752e943d66a5c3c92ffd45f343419f0742e7636629a529f4fbd5303e3637746b9
  languageName: node
  linkType: hard

"@babel/helper-validator-identifier@npm:^7.10.4":
  version: 7.12.11
  resolution: "@babel/helper-validator-identifier@npm:7.12.11"
  checksum: 10c0/b88e813b950bcd935edb5a59cab948c39d94fe108477ede3ff7eb38098e25f093793aa4d7f5a0012deff1f6c448f5a33fda0cbb4b662cee3ef33151c18d4d748
  languageName: node
  linkType: hard

"@babel/highlight@npm:^7.10.4":
  version: 7.10.4
  resolution: "@babel/highlight@npm:7.10.4"
  dependencies:
    "@babel/helper-validator-identifier": "npm:^7.10.4"
    chalk: "npm:^2.0.0"
    js-tokens: "npm:^4.0.0"
  checksum: 10c0/1922bb5bd977b9e9958c8b54e13c01673c932de0d1ccffd9e3b77d4d6db5dfc667d05fddc1575e7fc06e69e224765b292595072dd9ae90b16c3b49b5c1e584b5
  languageName: node
  linkType: hard

"@oolio-group/xml-escpos-helper@workspace:.":
  version: 0.0.0-use.local
  resolution: "@oolio-group/xml-escpos-helper@workspace:."
  dependencies:
    "@types/node": "npm:^14.14.20"
    "@types/xml-parser": "npm:^1.2.29"
    buffer: "npm:^6.0.3"
    mustache: "npm:^4.1.0"
    mutable-buffer: "npm:2.0.3"
    ndarray: "npm:^1.0.19"
    ts-loader: "npm:^2.3.4"
    tslint: "npm:^5.7.0"
    tslint-eslint-rules: "npm:^4.1.1"
    typescript: "npm:^4.1.3"
    upng-js: "npm:2.1.0"
    xml-parser: "npm:^1.2.1"
  languageName: unknown
  linkType: soft

"@types/node@npm:^14.14.20":
  version: 14.14.20
  resolution: "@types/node@npm:14.14.20"
  checksum: 10c0/e7d85a34923dba7ec101c436344899fa4a0036f1dcec64a8a0aa1b650fe5087b9407dcf114ff44fa20dec2f78debb7243e5fe7368b0e15faae34c7fce3c148f2
  languageName: node
  linkType: hard

"@types/xml-parser@npm:^1.2.29":
  version: 1.2.29
  resolution: "@types/xml-parser@npm:1.2.29"
  checksum: 10c0/ac149a948745ede846c1a54a85a94f3ff6d34d726656bc542b22be173139acdf7a062a56437ca15a0e20da5bc614c82339edf3b3306f97d2e371712f8cb6db1c
  languageName: node
  linkType: hard

"ansi-styles@npm:^3.2.1":
  version: 3.2.1
  resolution: "ansi-styles@npm:3.2.1"
  dependencies:
    color-convert: "npm:^1.9.0"
  checksum: 10c0/ece5a8ef069fcc5298f67e3f4771a663129abd174ea2dfa87923a2be2abf6cd367ef72ac87942da00ce85bd1d651d4cd8595aebdb1b385889b89b205860e977b
  languageName: node
  linkType: hard

"argparse@npm:^1.0.7":
  version: 1.0.10
  resolution: "argparse@npm:1.0.10"
  dependencies:
    sprintf-js: "npm:~1.0.2"
  checksum: 10c0/b2972c5c23c63df66bca144dbc65d180efa74f25f8fd9b7d9a0a6c88ae839db32df3d54770dcb6460cf840d232b60695d1a6b1053f599d84e73f7437087712de
  languageName: node
  linkType: hard

"balanced-match@npm:^1.0.0":
  version: 1.0.0
  resolution: "balanced-match@npm:1.0.0"
  checksum: 10c0/d45f1aeec59d87562cd65415e2890b9fd6ab7fa89941a46fb2eb505e2165158680ee1be7110586cf86f3a9599f1b88ec4a7fcf57594560ca37814a560ab95f41
  languageName: node
  linkType: hard

"base64-js@npm:^1.3.1":
  version: 1.5.1
  resolution: "base64-js@npm:1.5.1"
  checksum: 10c0/f23823513b63173a001030fae4f2dabe283b99a9d324ade3ad3d148e218134676f1ee8568c877cd79ec1c53158dcf2d2ba527a97c606618928ba99dd930102bf
  languageName: node
  linkType: hard

"big.js@npm:^5.2.2":
  version: 5.2.2
  resolution: "big.js@npm:5.2.2"
  checksum: 10c0/230520f1ff920b2d2ce3e372d77a33faa4fa60d802fe01ca4ffbc321ee06023fe9a741ac02793ee778040a16b7e497f7d60c504d1c402b8fdab6f03bb785a25f
  languageName: node
  linkType: hard

"brace-expansion@npm:^1.1.7":
  version: 1.1.11
  resolution: "brace-expansion@npm:1.1.11"
  dependencies:
    balanced-match: "npm:^1.0.0"
    concat-map: "npm:0.0.1"
  checksum: 10c0/695a56cd058096a7cb71fb09d9d6a7070113c7be516699ed361317aca2ec169f618e28b8af352e02ab4233fb54eb0168460a40dc320bab0034b36ab59aaad668
  languageName: node
  linkType: hard

"buffer@npm:^6.0.3":
  version: 6.0.3
  resolution: "buffer@npm:6.0.3"
  dependencies:
    base64-js: "npm:^1.3.1"
    ieee754: "npm:^1.2.1"
  checksum: 10c0/2a905fbbcde73cc5d8bd18d1caa23715d5f83a5935867c2329f0ac06104204ba7947be098fe1317fbd8830e26090ff8e764f08cd14fefc977bb248c3487bcbd0
  languageName: node
  linkType: hard

"builtin-modules@npm:^1.1.1":
  version: 1.1.1
  resolution: "builtin-modules@npm:1.1.1"
  checksum: 10c0/58d72ea7f59db3c2ae854e1058d85b226f75ff7386d0f71d628e25a600383fc6652af218e20ba2361925c605a4144590ceb890dfdca298fdf8f3d040c0591a23
  languageName: node
  linkType: hard

"chalk@npm:^2.0.0, chalk@npm:^2.0.1, chalk@npm:^2.3.0":
  version: 2.4.2
  resolution: "chalk@npm:2.4.2"
  dependencies:
    ansi-styles: "npm:^3.2.1"
    escape-string-regexp: "npm:^1.0.5"
    supports-color: "npm:^5.3.0"
  checksum: 10c0/e6543f02ec877732e3a2d1c3c3323ddb4d39fbab687c23f526e25bd4c6a9bf3b83a696e8c769d078e04e5754921648f7821b2a2acfd16c550435fd630026e073
  languageName: node
  linkType: hard

"color-convert@npm:^1.9.0":
  version: 1.9.3
  resolution: "color-convert@npm:1.9.3"
  dependencies:
    color-name: "npm:1.1.3"
  checksum: 10c0/5ad3c534949a8c68fca8fbc6f09068f435f0ad290ab8b2f76841b9e6af7e0bb57b98cb05b0e19fe33f5d91e5a8611ad457e5f69e0a484caad1f7487fd0e8253c
  languageName: node
  linkType: hard

"color-name@npm:1.1.3":
  version: 1.1.3
  resolution: "color-name@npm:1.1.3"
  checksum: 10c0/566a3d42cca25b9b3cd5528cd7754b8e89c0eb646b7f214e8e2eaddb69994ac5f0557d9c175eb5d8f0ad73531140d9c47525085ee752a91a2ab15ab459caf6d6
  languageName: node
  linkType: hard

"commander@npm:^2.12.1":
  version: 2.20.3
  resolution: "commander@npm:2.20.3"
  checksum: 10c0/74c781a5248c2402a0a3e966a0a2bba3c054aad144f5c023364be83265e796b20565aa9feff624132ff629aa64e16999fa40a743c10c12f7c61e96a794b99288
  languageName: node
  linkType: hard

"concat-map@npm:0.0.1":
  version: 0.0.1
  resolution: "concat-map@npm:0.0.1"
  checksum: 10c0/c996b1cfdf95b6c90fee4dae37e332c8b6eb7d106430c17d538034c0ad9a1630cb194d2ab37293b1bdd4d779494beee7786d586a50bd9376fd6f7bcc2bd4c98f
  languageName: node
  linkType: hard

"core-util-is@npm:~1.0.0":
  version: 1.0.2
  resolution: "core-util-is@npm:1.0.2"
  checksum: 10c0/980a37a93956d0de8a828ce508f9b9e3317039d68922ca79995421944146700e4aaf490a6dbfebcb1c5292a7184600c7710b957d724be1e37b8254c6bc0fe246
  languageName: node
  linkType: hard

"debug@npm:^2.2.0":
  version: 2.6.9
  resolution: "debug@npm:2.6.9"
  dependencies:
    ms: "npm:2.0.0"
  checksum: 10c0/121908fb839f7801180b69a7e218a40b5a0b718813b886b7d6bdb82001b931c938e2941d1e4450f33a1b1df1da653f5f7a0440c197f29fbf8a6e9d45ff6ef589
  languageName: node
  linkType: hard

"diff@npm:^4.0.1":
  version: 4.0.2
  resolution: "diff@npm:4.0.2"
  checksum: 10c0/81b91f9d39c4eaca068eb0c1eb0e4afbdc5bb2941d197f513dd596b820b956fef43485876226d65d497bebc15666aa2aa82c679e84f65d5f2bfbf14ee46e32c1
  languageName: node
  linkType: hard

"doctrine@npm:^0.7.2":
  version: 0.7.2
  resolution: "doctrine@npm:0.7.2"
  dependencies:
    esutils: "npm:^1.1.6"
    isarray: "npm:0.0.1"
  checksum: 10c0/7338344f73cc37ceb434d2706b9c7e4e9f7a61c5d54bfe8ee9c260d03cf22db57eb1d5a8426762fad381ae31ff1b63c7e1bf2e23e452e41633fe8524bddc722b
  languageName: node
  linkType: hard

"emojis-list@npm:^3.0.0":
  version: 3.0.0
  resolution: "emojis-list@npm:3.0.0"
  checksum: 10c0/7dc4394b7b910444910ad64b812392159a21e1a7ecc637c775a440227dcb4f80eff7fe61f4453a7d7603fa23d23d30cc93fe9e4b5ed985b88d6441cd4a35117b
  languageName: node
  linkType: hard

"enhanced-resolve@npm:^3.0.0":
  version: 3.4.1
  resolution: "enhanced-resolve@npm:3.4.1"
  dependencies:
    graceful-fs: "npm:^4.1.2"
    memory-fs: "npm:^0.4.0"
    object-assign: "npm:^4.0.1"
    tapable: "npm:^0.2.7"
  checksum: 10c0/91f2da7e8e5ab2376823843a0e0176f683cfdb5749efbb6e1f26580b285593bb5b69006a1ae5e068c21ab1eb90271eec8b8fd6aa3ac36cc6f1f6de4d37a06456
  languageName: node
  linkType: hard

"errno@npm:^0.1.3":
  version: 0.1.8
  resolution: "errno@npm:0.1.8"
  dependencies:
    prr: "npm:~1.0.1"
  bin:
    errno: cli.js
  checksum: 10c0/83758951967ec57bf00b5f5b7dc797e6d65a6171e57ea57adcf1bd1a0b477fd9b5b35fae5be1ff18f4090ed156bce1db749fe7e317aac19d485a5d150f6a4936
  languageName: node
  linkType: hard

"escape-string-regexp@npm:^1.0.5":
  version: 1.0.5
  resolution: "escape-string-regexp@npm:1.0.5"
  checksum: 10c0/a968ad453dd0c2724e14a4f20e177aaf32bb384ab41b674a8454afe9a41c5e6fe8903323e0a1052f56289d04bd600f81278edf140b0fcc02f5cac98d0f5b5371
  languageName: node
  linkType: hard

"esprima@npm:^4.0.0":
  version: 4.0.1
  resolution: "esprima@npm:4.0.1"
  bin:
    esparse: ./bin/esparse.js
    esvalidate: ./bin/esvalidate.js
  checksum: 10c0/ad4bab9ead0808cf56501750fd9d3fb276f6b105f987707d059005d57e182d18a7c9ec7f3a01794ebddcca676773e42ca48a32d67a250c9d35e009ca613caba3
  languageName: node
  linkType: hard

"esutils@npm:^1.1.6":
  version: 1.1.6
  resolution: "esutils@npm:1.1.6"
  checksum: 10c0/05277043088ed507fa836d4f6f3e92b4502b73e5d8586fd88b1b2a90262784de395f8b8de7711572cfdb0b757337699a25ae62e9f3d91069006dddd6d653199f
  languageName: node
  linkType: hard

"fs.realpath@npm:^1.0.0":
  version: 1.0.0
  resolution: "fs.realpath@npm:1.0.0"
  checksum: 10c0/444cf1291d997165dfd4c0d58b69f0e4782bfd9149fd72faa4fe299e68e0e93d6db941660b37dd29153bf7186672ececa3b50b7e7249477b03fdf850f287c948
  languageName: node
  linkType: hard

"function-bind@npm:^1.1.1":
  version: 1.1.1
  resolution: "function-bind@npm:1.1.1"
  checksum: 10c0/60b74b2407e1942e1ed7f8c284f8ef714d0689dcfce5319985a5b7da3fc727f40b4a59ec72dc55aa83365ad7b8fa4fac3a30d93c850a2b452f29ae03dbc10a1e
  languageName: node
  linkType: hard

"glob@npm:^7.1.1":
  version: 7.1.6
  resolution: "glob@npm:7.1.6"
  dependencies:
    fs.realpath: "npm:^1.0.0"
    inflight: "npm:^1.0.4"
    inherits: "npm:2"
    minimatch: "npm:^3.0.4"
    once: "npm:^1.3.0"
    path-is-absolute: "npm:^1.0.0"
  checksum: 10c0/2575cce9306ac534388db751f0aa3e78afedb6af8f3b529ac6b2354f66765545145dba8530abf7bff49fb399a047d3f9b6901c38ee4c9503f592960d9af67763
  languageName: node
  linkType: hard

"graceful-fs@npm:^4.1.2":
  version: 4.2.4
  resolution: "graceful-fs@npm:4.2.4"
  checksum: 10c0/6a5e1cb1fa081352555da8be104dc312647060b67e9d9dd15d8a054a0c71ead661535ca6de17eb382d86d647e98fc5c50d4201be75d836c1f6e6d64138ec1423
  languageName: node
  linkType: hard

"has-flag@npm:^3.0.0":
  version: 3.0.0
  resolution: "has-flag@npm:3.0.0"
  checksum: 10c0/1c6c83b14b8b1b3c25b0727b8ba3e3b647f99e9e6e13eb7322107261de07a4c1be56fc0d45678fc376e09772a3a1642ccdaf8fc69bdf123b6c086598397ce473
  languageName: node
  linkType: hard

"has@npm:^1.0.3":
  version: 1.0.3
  resolution: "has@npm:1.0.3"
  dependencies:
    function-bind: "npm:^1.1.1"
  checksum: 10c0/e1da0d2bd109f116b632f27782cf23182b42f14972ca9540e4c5aa7e52647407a0a4a76937334fddcb56befe94a3494825ec22b19b51f5e5507c3153fd1a5e1b
  languageName: node
  linkType: hard

"ieee754@npm:^1.2.1":
  version: 1.2.1
  resolution: "ieee754@npm:1.2.1"
  checksum: 10c0/b0782ef5e0935b9f12883a2e2aa37baa75da6e66ce6515c168697b42160807d9330de9a32ec1ed73149aea02e0d822e572bca6f1e22bdcbd2149e13b050b17bb
  languageName: node
  linkType: hard

"inflight@npm:^1.0.4":
  version: 1.0.6
  resolution: "inflight@npm:1.0.6"
  dependencies:
    once: "npm:^1.3.0"
    wrappy: "npm:1"
  checksum: 10c0/7faca22584600a9dc5b9fca2cd5feb7135ac8c935449837b315676b4c90aa4f391ec4f42240178244b5a34e8bede1948627fda392ca3191522fc46b34e985ab2
  languageName: node
  linkType: hard

"inherits@npm:2, inherits@npm:~2.0.3":
  version: 2.0.4
  resolution: "inherits@npm:2.0.4"
  checksum: 10c0/4e531f648b29039fb7426fb94075e6545faa1eb9fe83c29f0b6d9e7263aceb4289d2d4557db0d428188eeb449cc7c5e77b0a0b2c4e248ff2a65933a0dee49ef2
  languageName: node
  linkType: hard

"iota-array@npm:^1.0.0":
  version: 1.0.0
  resolution: "iota-array@npm:1.0.0"
  checksum: 10c0/a6bfc7d5bf0338ade227b302eda52cea3db44cc6dd5803154147cdcee28e9cb65ca76c5859ab2bfe21d91ecc945c57a0dd446bbc657581bbdf92cda9c24def56
  languageName: node
  linkType: hard

"is-buffer@npm:^1.0.2":
  version: 1.1.6
  resolution: "is-buffer@npm:1.1.6"
  checksum: 10c0/ae18aa0b6e113d6c490ad1db5e8df9bdb57758382b313f5a22c9c61084875c6396d50bbf49315f5b1926d142d74dfb8d31b40d993a383e0a158b15fea7a82234
  languageName: node
  linkType: hard

"is-core-module@npm:^2.1.0":
  version: 2.2.0
  resolution: "is-core-module@npm:2.2.0"
  dependencies:
    has: "npm:^1.0.3"
  checksum: 10c0/db56b0a13d5a82e24613e259f00303560cd14b66f1fa142dbd5cc5ad965ad10cf3aac12395b1eda6755eda03aace840e6cabc25ca6ee538d9811feeb8097bd18
  languageName: node
  linkType: hard

"isarray@npm:0.0.1":
  version: 0.0.1
  resolution: "isarray@npm:0.0.1"
  checksum: 10c0/ed1e62da617f71fe348907c71743b5ed550448b455f8d269f89a7c7ddb8ae6e962de3dab6a74a237b06f5eb7f6ece7a45ada8ce96d87fe972926530f91ae3311
  languageName: node
  linkType: hard

"isarray@npm:~1.0.0":
  version: 1.0.0
  resolution: "isarray@npm:1.0.0"
  checksum: 10c0/18b5be6669be53425f0b84098732670ed4e727e3af33bc7f948aac01782110eb9a18b3b329c5323bcdd3acdaae547ee077d3951317e7f133bff7105264b3003d
  languageName: node
  linkType: hard

"js-tokens@npm:^4.0.0":
  version: 4.0.0
  resolution: "js-tokens@npm:4.0.0"
  checksum: 10c0/e248708d377aa058eacf2037b07ded847790e6de892bbad3dac0abba2e759cb9f121b00099a65195616badcb6eca8d14d975cb3e89eb1cfda644756402c8aeed
  languageName: node
  linkType: hard

"js-yaml@npm:^3.13.1":
  version: 3.14.1
  resolution: "js-yaml@npm:3.14.1"
  dependencies:
    argparse: "npm:^1.0.7"
    esprima: "npm:^4.0.0"
  bin:
    js-yaml: bin/js-yaml.js
  checksum: 10c0/6746baaaeac312c4db8e75fa22331d9a04cccb7792d126ed8ce6a0bbcfef0cedaddd0c5098fade53db067c09fe00aa1c957674b4765610a8b06a5a189e46433b
  languageName: node
  linkType: hard

"json5@npm:^1.0.1":
  version: 1.0.1
  resolution: "json5@npm:1.0.1"
  dependencies:
    minimist: "npm:^1.2.0"
  bin:
    json5: lib/cli.js
  checksum: 10c0/7f75dd797151680a4e14c4224c1343b32a43272aa6e6333ddec2b0822df4ea116971689b251879a1248592da24f7929902c13f83d7390c3f3d44f18e8e9719f5
  languageName: node
  linkType: hard

"loader-utils@npm:^1.0.2":
  version: 1.4.0
  resolution: "loader-utils@npm:1.4.0"
  dependencies:
    big.js: "npm:^5.2.2"
    emojis-list: "npm:^3.0.0"
    json5: "npm:^1.0.1"
  checksum: 10c0/b3f383612c23c0adf535d61709fb3eaf864afa54dae45608e3831156b89b4b05a0a4ddc6db7d742071babe872750ba3f4f9ce89326d94f6e096dbed978fa424e
  languageName: node
  linkType: hard

"memory-fs@npm:^0.4.0":
  version: 0.4.1
  resolution: "memory-fs@npm:0.4.1"
  dependencies:
    errno: "npm:^0.1.3"
    readable-stream: "npm:^2.0.1"
  checksum: 10c0/f114c44ad8285103cb0e71420cf5bb628d3eb6cbd918197f5951590ff56ba2072f4a97924949c170320cdf180d2da4e8d16a0edd92ba0ca2d2de51dc932841e2
  languageName: node
  linkType: hard

"minimatch@npm:^3.0.4":
  version: 3.0.4
  resolution: "minimatch@npm:3.0.4"
  dependencies:
    brace-expansion: "npm:^1.1.7"
  checksum: 10c0/d0a2bcd93ebec08a9eef3ca83ba33c9fb6feb93932e0b4dc6aa46c5f37a9404bea7ad9ff7cafe23ce6634f1fe3b206f5315ecbb05812da6e692c21d8ecfd3dae
  languageName: node
  linkType: hard

"minimist@npm:^1.2.0, minimist@npm:^1.2.5":
  version: 1.2.5
  resolution: "minimist@npm:1.2.5"
  checksum: 10c0/c143b0c199af4df7a55c7a37b6465cdd438acdc6a3a345ba0fe9d94dfcc2042263f650879bc73be607c843deeaeaadf39c864e55bc6d80b36a025eca1a062ee7
  languageName: node
  linkType: hard

"mkdirp@npm:^0.5.1":
  version: 0.5.5
  resolution: "mkdirp@npm:0.5.5"
  dependencies:
    minimist: "npm:^1.2.5"
  bin:
    mkdirp: bin/cmd.js
  checksum: 10c0/4469faeeba703bc46b7cdbe3097d6373747a581eb8b556ce41c8fd25a826eb3254466c6522ba823c2edb0b6f0da7beb91cf71f040bc4e361534a3e67f0994bd0
  languageName: node
  linkType: hard

"ms@npm:2.0.0":
  version: 2.0.0
  resolution: "ms@npm:2.0.0"
  checksum: 10c0/f8fda810b39fd7255bbdc451c46286e549794fcc700dc9cd1d25658bbc4dc2563a5de6fe7c60f798a16a60c6ceb53f033cb353f493f0cf63e5199b702943159d
  languageName: node
  linkType: hard

"mustache@npm:^4.1.0":
  version: 4.1.0
  resolution: "mustache@npm:4.1.0"
  bin:
    mustache: bin/mustache
  checksum: 10c0/1d4b77edf162ea403f3b94dcdd132a2ada8304c2fbdded94efe6b12e0d7d18c62061aa0e58b61a1d1801a64b2265ff7f96bf83a8507a0dd14c97f38714f10c3d
  languageName: node
  linkType: hard

"mutable-buffer@npm:2.0.3":
  version: 2.0.3
  resolution: "mutable-buffer@npm:2.0.3"
  checksum: 10c0/a2f8716b92a68f0cb6ecb601ba58a7d3e70268e5c003e69d342d941e3ee749cb3a2bccf0814975df128b1e22f2b841efa560cdff4885b7a95b35a9a411f715f6
  languageName: node
  linkType: hard

"ndarray@npm:^1.0.19":
  version: 1.0.19
  resolution: "ndarray@npm:1.0.19"
  dependencies:
    iota-array: "npm:^1.0.0"
    is-buffer: "npm:^1.0.2"
  checksum: 10c0/e5929a845dae326052ff024f4f624b5f81e0be750224495baa0c7a02afd4e1117198452465c052f0bd111358b05c15655a797ec959dbbbe042c6ae573de09046
  languageName: node
  linkType: hard

"object-assign@npm:^4.0.1":
  version: 4.1.1
  resolution: "object-assign@npm:4.1.1"
  checksum: 10c0/1f4df9945120325d041ccf7b86f31e8bcc14e73d29171e37a7903050e96b81323784ec59f93f102ec635bcf6fa8034ba3ea0a8c7e69fa202b87ae3b6cec5a414
  languageName: node
  linkType: hard

"once@npm:^1.3.0":
  version: 1.4.0
  resolution: "once@npm:1.4.0"
  dependencies:
    wrappy: "npm:1"
  checksum: 10c0/5d48aca287dfefabd756621c5dfce5c91a549a93e9fdb7b8246bc4c4790aa2ec17b34a260530474635147aeb631a2dcc8b32c613df0675f96041cbb8244517d0
  languageName: node
  linkType: hard

"pako@npm:^1.0.5":
  version: 1.0.11
  resolution: "pako@npm:1.0.11"
  checksum: 10c0/86dd99d8b34c3930345b8bbeb5e1cd8a05f608eeb40967b293f72fe469d0e9c88b783a8777e4cc7dc7c91ce54c5e93d88ff4b4f060e6ff18408fd21030d9ffbe
  languageName: node
  linkType: hard

"path-is-absolute@npm:^1.0.0":
  version: 1.0.1
  resolution: "path-is-absolute@npm:1.0.1"
  checksum: 10c0/127da03c82172a2a50099cddbf02510c1791fc2cc5f7713ddb613a56838db1e8168b121a920079d052e0936c23005562059756d653b7c544c53185efe53be078
  languageName: node
  linkType: hard

"path-parse@npm:^1.0.6":
  version: 1.0.6
  resolution: "path-parse@npm:1.0.6"
  checksum: 10c0/07a3f911553aec62bee46f3d205fe15b3736505f65cfef2833dd6921a1e586c1e7f6cc8e3cc61e9b8b1b51360e6b96467da08b29e6aeb82b683878a955c85610
  languageName: node
  linkType: hard

"process-nextick-args@npm:~2.0.0":
  version: 2.0.1
  resolution: "process-nextick-args@npm:2.0.1"
  checksum: 10c0/bec089239487833d46b59d80327a1605e1c5287eaad770a291add7f45fda1bb5e28b38e0e061add0a1d0ee0984788ce74fa394d345eed1c420cacf392c554367
  languageName: node
  linkType: hard

"prr@npm:~1.0.1":
  version: 1.0.1
  resolution: "prr@npm:1.0.1"
  checksum: 10c0/5b9272c602e4f4472a215e58daff88f802923b84bc39c8860376bb1c0e42aaf18c25d69ad974bd06ec6db6f544b783edecd5502cd3d184748d99080d68e4be5f
  languageName: node
  linkType: hard

"readable-stream@npm:^2.0.1":
  version: 2.3.7
  resolution: "readable-stream@npm:2.3.7"
  dependencies:
    core-util-is: "npm:~1.0.0"
    inherits: "npm:~2.0.3"
    isarray: "npm:~1.0.0"
    process-nextick-args: "npm:~2.0.0"
    safe-buffer: "npm:~5.1.1"
    string_decoder: "npm:~1.1.1"
    util-deprecate: "npm:~1.0.1"
  checksum: 10c0/1708755e6cf9daff6ff60fa5b4575636472289c5b95d38058a91f94732b8d024a940a0d4d955639195ce42c22cab16973ee8fea8deedd24b5fec3dd596465f86
  languageName: node
  linkType: hard

"resolve@npm:^1.3.2":
  version: 1.19.0
  resolution: "resolve@npm:1.19.0"
  dependencies:
    is-core-module: "npm:^2.1.0"
    path-parse: "npm:^1.0.6"
  checksum: 10c0/1c8afdfb88c9adab0a19b6f16756d47f5917f64047bf5a38c17aa543aae5ccca2a0631671b19ce8460a7a3e65ead98ee70e046d3056ec173d3377a27487848a8
  languageName: node
  linkType: hard

"resolve@patch:resolve@npm%3A^1.3.2#optional!builtin<compat/resolve>":
  version: 1.19.0
  resolution: "resolve@patch:resolve@npm%3A1.19.0#optional!builtin<compat/resolve>::version=1.19.0&hash=c3c19d"
  dependencies:
    is-core-module: "npm:^2.1.0"
    path-parse: "npm:^1.0.6"
  checksum: 10c0/254980f60dd9fdb28b34a511e70df6e3027d9627efce86a40757eea9b87252d172829c84517554560c4541ebfe207868270c19a0f086997b41209367aa8ef74f
  languageName: node
  linkType: hard

"safe-buffer@npm:~5.1.0, safe-buffer@npm:~5.1.1":
  version: 5.1.2
  resolution: "safe-buffer@npm:5.1.2"
  checksum: 10c0/780ba6b5d99cc9a40f7b951d47152297d0e260f0df01472a1b99d4889679a4b94a13d644f7dbc4f022572f09ae9005fa2fbb93bbbd83643316f365a3e9a45b21
  languageName: node
  linkType: hard

"semver@npm:^5.0.1, semver@npm:^5.3.0":
  version: 5.7.1
  resolution: "semver@npm:5.7.1"
  bin:
    semver: ./bin/semver
  checksum: 10c0/d4884f2aeca28bff35d0bd40ff0a9b2dfc4b36a883bf0ea5dc15d10d9a01bdc9041035b05f825d4b5ac8a56e490703dbf0d986d054de82cc5e9bad3f02ca6e00
  languageName: node
  linkType: hard

"sprintf-js@npm:~1.0.2":
  version: 1.0.3
  resolution: "sprintf-js@npm:1.0.3"
  checksum: 10c0/ecadcfe4c771890140da5023d43e190b7566d9cf8b2d238600f31bec0fc653f328da4450eb04bd59a431771a8e9cc0e118f0aa3974b683a4981b4e07abc2a5bb
  languageName: node
  linkType: hard

"string_decoder@npm:~1.1.1":
  version: 1.1.1
  resolution: "string_decoder@npm:1.1.1"
  dependencies:
    safe-buffer: "npm:~5.1.0"
  checksum: 10c0/b4f89f3a92fd101b5653ca3c99550e07bdf9e13b35037e9e2a1c7b47cec4e55e06ff3fc468e314a0b5e80bfbaf65c1ca5a84978764884ae9413bec1fc6ca924e
  languageName: node
  linkType: hard

"supports-color@npm:^5.3.0":
  version: 5.5.0
  resolution: "supports-color@npm:5.5.0"
  dependencies:
    has-flag: "npm:^3.0.0"
  checksum: 10c0/6ae5ff319bfbb021f8a86da8ea1f8db52fac8bd4d499492e30ec17095b58af11f0c55f8577390a749b1c4dde691b6a0315dab78f5f54c9b3d83f8fb5905c1c05
  languageName: node
  linkType: hard

"tapable@npm:^0.2.7":
  version: 0.2.9
  resolution: "tapable@npm:0.2.9"
  checksum: 10c0/93d0e5994621a9496112fe241784d59325684b509eb74d1abd9032802639b53ba9619db0f5db6ccdab994a5279bc4ed07b638a8a25143ba6b10603e409f314fb
  languageName: node
  linkType: hard

"ts-loader@npm:^2.3.4":
  version: 2.3.7
  resolution: "ts-loader@npm:2.3.7"
  dependencies:
    chalk: "npm:^2.0.1"
    enhanced-resolve: "npm:^3.0.0"
    loader-utils: "npm:^1.0.2"
    semver: "npm:^5.0.1"
  checksum: 10c0/3120ba6c47173c51387142951322282991cab20756b23b441345a6e13fc353c7bb44753aec768903dff7711d0d9af49917693e3cd5b979db074703f08d4efd1f
  languageName: node
  linkType: hard

"tslib@npm:^1.0.0, tslib@npm:^1.8.0, tslib@npm:^1.8.1":
  version: 1.14.1
  resolution: "tslib@npm:1.14.1"
  checksum: 10c0/69ae09c49eea644bc5ebe1bca4fa4cc2c82b7b3e02f43b84bd891504edf66dbc6b2ec0eef31a957042de2269139e4acff911e6d186a258fb14069cd7f6febce2
  languageName: node
  linkType: hard

"tslint-eslint-rules@npm:^4.1.1":
  version: 4.1.1
  resolution: "tslint-eslint-rules@npm:4.1.1"
  dependencies:
    doctrine: "npm:^0.7.2"
    tslib: "npm:^1.0.0"
    tsutils: "npm:^1.4.0"
  peerDependencies:
    tslint: ^5.0.0
  checksum: 10c0/9a7eadd5de880448ed234619cdaae711165668c60516381e2a5f86ec9768acba2789de5c317d4641b6adc67d9d635ada3d73c9d8d103abd1252ca29e247902ac
  languageName: node
  linkType: hard

"tslint@npm:^5.7.0":
  version: 5.20.1
  resolution: "tslint@npm:5.20.1"
  dependencies:
    "@babel/code-frame": "npm:^7.0.0"
    builtin-modules: "npm:^1.1.1"
    chalk: "npm:^2.3.0"
    commander: "npm:^2.12.1"
    diff: "npm:^4.0.1"
    glob: "npm:^7.1.1"
    js-yaml: "npm:^3.13.1"
    minimatch: "npm:^3.0.4"
    mkdirp: "npm:^0.5.1"
    resolve: "npm:^1.3.2"
    semver: "npm:^5.3.0"
    tslib: "npm:^1.8.0"
    tsutils: "npm:^2.29.0"
  peerDependencies:
    typescript: ">=2.3.0-dev || >=2.4.0-dev || >=2.5.0-dev || >=2.6.0-dev || >=2.7.0-dev || >=2.8.0-dev || >=2.9.0-dev || >=3.0.0-dev || >= 3.1.0-dev || >= 3.2.0-dev"
  bin:
    tslint: ./bin/tslint
  checksum: 10c0/4331ac33dd7c709639147ea0a75282f4c73534bac9ad511a56458276c93baf69d7057e5bf9b74fb13782f78a6479d9f2df86e8868be65f511541e3fe710695a7
  languageName: node
  linkType: hard

"tsutils@npm:^1.4.0":
  version: 1.9.1
  resolution: "tsutils@npm:1.9.1"
  peerDependencies:
    typescript: ">=2.0.0 || >=2.0.0-dev || >=2.1.0-dev || >=2.2.0-dev || >=2.3.0-dev || >= 2.4.0-dev"
  checksum: 10c0/b8f72f04ff51b77e1c98f3959eda4809ecac040ced9ccb81b02198779e7df53bde92115b876f19f3e045757bdc9777b856b0387646fe76973243d926cf787fba
  languageName: node
  linkType: hard

"tsutils@npm:^2.29.0":
  version: 2.29.0
  resolution: "tsutils@npm:2.29.0"
  dependencies:
    tslib: "npm:^1.8.1"
  peerDependencies:
    typescript: ">=2.1.0 || >=2.1.0-dev || >=2.2.0-dev || >=2.3.0-dev || >=2.4.0-dev || >=2.5.0-dev || >=2.6.0-dev || >=2.7.0-dev || >=2.8.0-dev || >=2.9.0-dev || >= 3.0.0-dev || >= 3.1.0-dev"
  checksum: 10c0/e37794513526dbf1cf960414d0a65b956ad319dbc93171bccfe08e3fece1eea35b4e130153f41d917a0f28ecac04f3ca78e9a99c4bddc64a5f225925abc0cf14
  languageName: node
  linkType: hard

"typescript@npm:^4.1.3":
  version: 4.1.3
  resolution: "typescript@npm:4.1.3"
  bin:
    tsc: bin/tsc
    tsserver: bin/tsserver
  checksum: 10c0/0d0480d79f05d4c671c976063cd13d915e0eec317b79784b16540812579bb4e4b6f86a58239a4e87a222642bc3db02a22a0c6631d6fb160d6719868dd782f9de
  languageName: node
  linkType: hard

"typescript@patch:typescript@npm%3A^4.1.3#optional!builtin<compat/typescript>":
  version: 4.1.3
  resolution: "typescript@patch:typescript@npm%3A4.1.3#optional!builtin<compat/typescript>::version=4.1.3&hash=4a8eb8"
  bin:
    tsc: bin/tsc
    tsserver: bin/tsserver
  checksum: 10c0/9d97bbc0673b596a6fffbb73a3e0175d20fd19babd05a945b3277314500136bb8cf409634d8a0b6f7d3d8d5c997b4e22bec7373a313a0d1f2a97e420ab4bc088
  languageName: node
  linkType: hard

"upng-js@npm:2.1.0":
  version: 2.1.0
  resolution: "upng-js@npm:2.1.0"
  dependencies:
    pako: "npm:^1.0.5"
  checksum: 10c0/ee66db26339af1ae2bb4784680978435fab2f6010cd828502dbaecdf167e509a26b203af9e098b23c665711e3b76e1d47028f1cab233b85f6977daa50cb69784
  languageName: node
  linkType: hard

"util-deprecate@npm:~1.0.1":
  version: 1.0.2
  resolution: "util-deprecate@npm:1.0.2"
  checksum: 10c0/41a5bdd214df2f6c3ecf8622745e4a366c4adced864bc3c833739791aeeeb1838119af7daed4ba36428114b5c67dcda034a79c882e97e43c03e66a4dd7389942
  languageName: node
  linkType: hard

"wrappy@npm:1":
  version: 1.0.2
  resolution: "wrappy@npm:1.0.2"
  checksum: 10c0/56fece1a4018c6a6c8e28fbc88c87e0fbf4ea8fd64fc6c63b18f4acc4bd13e0ad2515189786dd2c30d3eec9663d70f4ecf699330002f8ccb547e4a18231fc9f0
  languageName: node
  linkType: hard

"xml-parser@npm:^1.2.1":
  version: 1.2.1
  resolution: "xml-parser@npm:1.2.1"
  dependencies:
    debug: "npm:^2.2.0"
  checksum: 10c0/ab67147321c075b2f36b48c2451e3d3a2b98bab3a346017ddb2a74b8ce35b316d8b5a1dc6ff5f2ba3f825dfc85da11ede9c79300792e7e8eaac7f936b230e8aa
  languageName: node
  linkType: hard
