# This file is generated by running "yarn install" inside your project.
# Manual changes might be lost - proceed with caution!

__metadata:
  version: 8
  cacheKey: 10c0

"@tillpos/xml-escpos-helper@npm:^0.1.8":
  version: 0.1.8
  resolution: "@tillpos/xml-escpos-helper@npm:0.1.8"
  dependencies:
    buffer: "npm:^6.0.3"
    mustache: "npm:^4.1.0"
    mutable-buffer: "npm:2.0.3"
    ndarray: "npm:^1.0.19"
    pngjs: "npm:^6.0.0"
    xml-parser: "npm:^1.2.1"
  checksum: 10c0/6360c762cba4d4d6bfe97cee34898bf94420ff16d73a6b8ed5e7f2afd3073551298f24fa05df280debaf204c738cf3d4a91a30d82fbd0419d257b9cb2cd77fd1
  languageName: node
  linkType: hard

"ajv@npm:^8.0.1":
  version: 8.2.0
  resolution: "ajv@npm:8.2.0"
  dependencies:
    fast-deep-equal: "npm:^3.1.1"
    json-schema-traverse: "npm:^1.0.0"
    require-from-string: "npm:^2.0.2"
    uri-js: "npm:^4.2.2"
  checksum: 10c0/891fd4d3f026484c5bf9630ac4666200ac4e2b4fcd3266db6415aaaf8c21fc7705f79148c24eeed46ea0e5367b5d1e01cb234513600dcb17708f34463964e01d
  languageName: node
  linkType: hard

"ansi-regex@npm:^5.0.0":
  version: 5.0.0
  resolution: "ansi-regex@npm:5.0.0"
  checksum: 10c0/4c711eeec7ab00c1869e926ae78758abd10137047cbb08b6fda499be2dc39c2d5f21e15c7279dbb222de523b53834b54043d4997191f62372d5e2250edcbc83a
  languageName: node
  linkType: hard

"ansi-styles@npm:^4.0.0":
  version: 4.3.0
  resolution: "ansi-styles@npm:4.3.0"
  dependencies:
    color-convert: "npm:^2.0.1"
  checksum: 10c0/895a23929da416f2bd3de7e9cb4eabd340949328ab85ddd6e484a637d8f6820d485f53933446f5291c3b760cbc488beb8e88573dd0f9c7daf83dccc8fe81b041
  languageName: node
  linkType: hard

"astral-regex@npm:^2.0.0":
  version: 2.0.0
  resolution: "astral-regex@npm:2.0.0"
  checksum: 10c0/f63d439cc383db1b9c5c6080d1e240bd14dae745f15d11ec5da863e182bbeca70df6c8191cffef5deba0b566ef98834610a68be79ac6379c95eeb26e1b310e25
  languageName: node
  linkType: hard

"base64-js@npm:^1.3.1":
  version: 1.5.1
  resolution: "base64-js@npm:1.5.1"
  checksum: 10c0/f23823513b63173a001030fae4f2dabe283b99a9d324ade3ad3d148e218134676f1ee8568c877cd79ec1c53158dcf2d2ba527a97c606618928ba99dd930102bf
  languageName: node
  linkType: hard

"buffer@npm:^6.0.3":
  version: 6.0.3
  resolution: "buffer@npm:6.0.3"
  dependencies:
    base64-js: "npm:^1.3.1"
    ieee754: "npm:^1.2.1"
  checksum: 10c0/2a905fbbcde73cc5d8bd18d1caa23715d5f83a5935867c2329f0ac06104204ba7947be098fe1317fbd8830e26090ff8e764f08cd14fefc977bb248c3487bcbd0
  languageName: node
  linkType: hard

"color-convert@npm:^2.0.1":
  version: 2.0.1
  resolution: "color-convert@npm:2.0.1"
  dependencies:
    color-name: "npm:~1.1.4"
  checksum: 10c0/37e1150172f2e311fe1b2df62c6293a342ee7380da7b9cfdba67ea539909afbd74da27033208d01d6d5cfc65ee7868a22e18d7e7648e004425441c0f8a15a7d7
  languageName: node
  linkType: hard

"color-name@npm:~1.1.4":
  version: 1.1.4
  resolution: "color-name@npm:1.1.4"
  checksum: 10c0/a1a3f914156960902f46f7f56bc62effc6c94e84b2cae157a526b1c1f74b677a47ec602bf68a61abfa2b42d15b7c5651c6dbe72a43af720bc588dff885b10f95
  languageName: node
  linkType: hard

"debug@npm:^2.2.0":
  version: 2.6.9
  resolution: "debug@npm:2.6.9"
  dependencies:
    ms: "npm:2.0.0"
  checksum: 10c0/121908fb839f7801180b69a7e218a40b5a0b718813b886b7d6bdb82001b931c938e2941d1e4450f33a1b1df1da653f5f7a0440c197f29fbf8a6e9d45ff6ef589
  languageName: node
  linkType: hard

"emoji-regex@npm:^8.0.0":
  version: 8.0.0
  resolution: "emoji-regex@npm:8.0.0"
  checksum: 10c0/b6053ad39951c4cf338f9092d7bfba448cdfd46fe6a2a034700b149ac9ffbc137e361cbd3c442297f86bed2e5f7576c1b54cc0a6bf8ef5106cc62f496af35010
  languageName: node
  linkType: hard

"examples@workspace:.":
  version: 0.0.0-use.local
  resolution: "examples@workspace:."
  dependencies:
    "@tillpos/xml-escpos-helper": "npm:^0.1.8"
    table: "npm:^6.6.0"
    typescript: "npm:^4.2.4"
  languageName: unknown
  linkType: soft

"fast-deep-equal@npm:^3.1.1":
  version: 3.1.3
  resolution: "fast-deep-equal@npm:3.1.3"
  checksum: 10c0/40dedc862eb8992c54579c66d914635afbec43350afbbe991235fdcb4e3a8d5af1b23ae7e79bef7d4882d0ecee06c3197488026998fb19f72dc95acff1d1b1d0
  languageName: node
  linkType: hard

"ieee754@npm:^1.2.1":
  version: 1.2.1
  resolution: "ieee754@npm:1.2.1"
  checksum: 10c0/b0782ef5e0935b9f12883a2e2aa37baa75da6e66ce6515c168697b42160807d9330de9a32ec1ed73149aea02e0d822e572bca6f1e22bdcbd2149e13b050b17bb
  languageName: node
  linkType: hard

"iota-array@npm:^1.0.0":
  version: 1.0.0
  resolution: "iota-array@npm:1.0.0"
  checksum: 10c0/a6bfc7d5bf0338ade227b302eda52cea3db44cc6dd5803154147cdcee28e9cb65ca76c5859ab2bfe21d91ecc945c57a0dd446bbc657581bbdf92cda9c24def56
  languageName: node
  linkType: hard

"is-buffer@npm:^1.0.2":
  version: 1.1.6
  resolution: "is-buffer@npm:1.1.6"
  checksum: 10c0/ae18aa0b6e113d6c490ad1db5e8df9bdb57758382b313f5a22c9c61084875c6396d50bbf49315f5b1926d142d74dfb8d31b40d993a383e0a158b15fea7a82234
  languageName: node
  linkType: hard

"is-fullwidth-code-point@npm:^3.0.0":
  version: 3.0.0
  resolution: "is-fullwidth-code-point@npm:3.0.0"
  checksum: 10c0/bb11d825e049f38e04c06373a8d72782eee0205bda9d908cc550ccb3c59b99d750ff9537982e01733c1c94a58e35400661f57042158ff5e8f3e90cf936daf0fc
  languageName: node
  linkType: hard

"json-schema-traverse@npm:^1.0.0":
  version: 1.0.0
  resolution: "json-schema-traverse@npm:1.0.0"
  checksum: 10c0/71e30015d7f3d6dc1c316d6298047c8ef98a06d31ad064919976583eb61e1018a60a0067338f0f79cabc00d84af3fcc489bd48ce8a46ea165d9541ba17fb30c6
  languageName: node
  linkType: hard

"lodash.clonedeep@npm:^4.5.0":
  version: 4.5.0
  resolution: "lodash.clonedeep@npm:4.5.0"
  checksum: 10c0/2caf0e4808f319d761d2939ee0642fa6867a4bbf2cfce43276698828380756b99d4c4fa226d881655e6ac298dd453fe12a5ec8ba49861777759494c534936985
  languageName: node
  linkType: hard

"lodash.flatten@npm:^4.4.0":
  version: 4.4.0
  resolution: "lodash.flatten@npm:4.4.0"
  checksum: 10c0/97e8f0d6b61fe4723c02ad0c6e67e51784c4a2c48f56ef283483e556ad01594cf9cec9c773e177bbbdbdb5d19e99b09d2487cb6b6e5dc405c2693e93b125bd3a
  languageName: node
  linkType: hard

"lodash.truncate@npm:^4.4.2":
  version: 4.4.2
  resolution: "lodash.truncate@npm:4.4.2"
  checksum: 10c0/4e870d54e8a6c86c8687e057cec4069d2e941446ccab7f40b4d9555fa5872d917d0b6aa73bece7765500a3123f1723bcdba9ae881b679ef120bba9e1a0b0ed70
  languageName: node
  linkType: hard

"ms@npm:2.0.0":
  version: 2.0.0
  resolution: "ms@npm:2.0.0"
  checksum: 10c0/f8fda810b39fd7255bbdc451c46286e549794fcc700dc9cd1d25658bbc4dc2563a5de6fe7c60f798a16a60c6ceb53f033cb353f493f0cf63e5199b702943159d
  languageName: node
  linkType: hard

"mustache@npm:^4.1.0":
  version: 4.2.0
  resolution: "mustache@npm:4.2.0"
  bin:
    mustache: bin/mustache
  checksum: 10c0/1f8197e8a19e63645a786581d58c41df7853da26702dbc005193e2437c98ca49b255345c173d50c08fe4b4dbb363e53cb655ecc570791f8deb09887248dd34a2
  languageName: node
  linkType: hard

"mutable-buffer@npm:2.0.3":
  version: 2.0.3
  resolution: "mutable-buffer@npm:2.0.3"
  checksum: 10c0/a2f8716b92a68f0cb6ecb601ba58a7d3e70268e5c003e69d342d941e3ee749cb3a2bccf0814975df128b1e22f2b841efa560cdff4885b7a95b35a9a411f715f6
  languageName: node
  linkType: hard

"ndarray@npm:^1.0.19":
  version: 1.0.19
  resolution: "ndarray@npm:1.0.19"
  dependencies:
    iota-array: "npm:^1.0.0"
    is-buffer: "npm:^1.0.2"
  checksum: 10c0/e5929a845dae326052ff024f4f624b5f81e0be750224495baa0c7a02afd4e1117198452465c052f0bd111358b05c15655a797ec959dbbbe042c6ae573de09046
  languageName: node
  linkType: hard

"pngjs@npm:^6.0.0":
  version: 6.0.0
  resolution: "pngjs@npm:6.0.0"
  checksum: 10c0/ac23ea329b1881d1a10575aff58116dc27b894ec3f5b84ba15c7f527d21e609fbce7ba16d48f8ccb86c7ce45ceed622472765476ab2875949d4bec55e153f87a
  languageName: node
  linkType: hard

"punycode@npm:^2.1.0":
  version: 2.1.1
  resolution: "punycode@npm:2.1.1"
  checksum: 10c0/83815ca9b9177f055771f31980cbec7ffaef10257d50a95ab99b4a30f0404846e85fa6887ee1bbc0aaddb7bad6d96e2fa150a016051ff0f6b92be4ad613ddca8
  languageName: node
  linkType: hard

"require-from-string@npm:^2.0.2":
  version: 2.0.2
  resolution: "require-from-string@npm:2.0.2"
  checksum: 10c0/aaa267e0c5b022fc5fd4eef49d8285086b15f2a1c54b28240fdf03599cbd9c26049fee3eab894f2e1f6ca65e513b030a7c264201e3f005601e80c49fb2937ce2
  languageName: node
  linkType: hard

"slice-ansi@npm:^4.0.0":
  version: 4.0.0
  resolution: "slice-ansi@npm:4.0.0"
  dependencies:
    ansi-styles: "npm:^4.0.0"
    astral-regex: "npm:^2.0.0"
    is-fullwidth-code-point: "npm:^3.0.0"
  checksum: 10c0/6c25678db1270d4793e0327620f1e0f9f5bea4630123f51e9e399191bc52c87d6e6de53ed33538609e5eacbd1fab769fae00f3705d08d029f02102a540648918
  languageName: node
  linkType: hard

"string-width@npm:^4.2.0":
  version: 4.2.2
  resolution: "string-width@npm:4.2.2"
  dependencies:
    emoji-regex: "npm:^8.0.0"
    is-fullwidth-code-point: "npm:^3.0.0"
    strip-ansi: "npm:^6.0.0"
  checksum: 10c0/3874075d5b9c29f4260a338bf3d8152f266a8e6cf27538fd5c89f9dee0a5148d602df5c07c1308707b8a20029aac7842aebb6f861a84e24e79b3d97531894c23
  languageName: node
  linkType: hard

"strip-ansi@npm:^6.0.0":
  version: 6.0.0
  resolution: "strip-ansi@npm:6.0.0"
  dependencies:
    ansi-regex: "npm:^5.0.0"
  checksum: 10c0/85257c80250541cc0e65088c7dc768563bdbd1bf7120471d6d3a73cdc60e8149a50038c12a6fd4a30b674587f306ae42e2cc73ac3095daf193633daa0bd8f928
  languageName: node
  linkType: hard

"table@npm:^6.6.0":
  version: 6.6.0
  resolution: "table@npm:6.6.0"
  dependencies:
    ajv: "npm:^8.0.1"
    lodash.clonedeep: "npm:^4.5.0"
    lodash.flatten: "npm:^4.4.0"
    lodash.truncate: "npm:^4.4.2"
    slice-ansi: "npm:^4.0.0"
    string-width: "npm:^4.2.0"
    strip-ansi: "npm:^6.0.0"
  checksum: 10c0/4da239ef3b1292067c639744f7e4cb90b98bcfddd237296db5dcd0083770ad70d2cf127315fce1ed10ea10a8917b930bc1ad8b6d4802c1d4e2ad594d6972949d
  languageName: node
  linkType: hard

"typescript@npm:^4.2.4":
  version: 4.2.4
  resolution: "typescript@npm:4.2.4"
  bin:
    tsc: bin/tsc
    tsserver: bin/tsserver
  checksum: 10c0/add3dcc8661784e2959d8411f6a2f1c75b063532aae0112bed4a217f58c0f6da194da6a05bc40dc1b2b171e5c595e88370d5fa97fdb680c47fbb8fab4190e02d
  languageName: node
  linkType: hard

"typescript@patch:typescript@npm%3A^4.2.4#optional!builtin<compat/typescript>":
  version: 4.2.4
  resolution: "typescript@patch:typescript@npm%3A4.2.4#optional!builtin<compat/typescript>::version=4.2.4&hash=334f98"
  bin:
    tsc: bin/tsc
    tsserver: bin/tsserver
  checksum: 10c0/c18a8bba07cbc5918f6224238199af421dd94a08e3342f5af269297ddf69eafe3fbaea560eb81def28382a420617844ee16740cced11895d3f1821943d1b00e7
  languageName: node
  linkType: hard

"uri-js@npm:^4.2.2":
  version: 4.4.1
  resolution: "uri-js@npm:4.4.1"
  dependencies:
    punycode: "npm:^2.1.0"
  checksum: 10c0/4ef57b45aa820d7ac6496e9208559986c665e49447cb072744c13b66925a362d96dd5a46c4530a6b8e203e5db5fe849369444440cb22ecfc26c679359e5dfa3c
  languageName: node
  linkType: hard

"xml-parser@npm:^1.2.1":
  version: 1.2.1
  resolution: "xml-parser@npm:1.2.1"
  dependencies:
    debug: "npm:^2.2.0"
  checksum: 10c0/ab67147321c075b2f36b48c2451e3d3a2b98bab3a346017ddb2a74b8ce35b316d8b5a1dc6ff5f2ba3f825dfc85da11ede9c79300792e7e8eaac7f936b230e8aa
  languageName: node
  linkType: hard
