# THIS IS AN AUTOGENERATED FILE. DO NOT EDIT THIS FILE DIRECTLY.
# yarn lockfile v1


"@tillpos/xml-escpos-helper@0.2.8":
  "integrity" "sha512-mYkn2PTbFbP4n/scHyIbbTbHV+N28vtOyxF49/JJg1h1H2dMuRzdTzM20ZVn2Kzwea4zjbp7Y2mOmwKDOnTTvg=="
  "resolved" "https://registry.npmjs.org/@tillpos/xml-escpos-helper/-/xml-escpos-helper-0.2.8.tgz"
  "version" "0.2.8"
  dependencies:
    "buffer" "^6.0.3"
    "mustache" "^4.1.0"
    "mutable-buffer" "2.0.3"
    "ndarray" "^1.0.19"
    "upng-js" "2.1.0"
    "xml-parser" "^1.2.1"

"@types/upng-js@^2.1.4":
  "integrity" "sha512-pQmZa1sb8OZC3kxGOYuN180shYRBafpMEsZNf+6P/DCTnEhobDv4UZ9bpPbZFx60FquP2nYqqpBUtatxZRlFjA=="
  "resolved" "https://registry.npmjs.org/@types/upng-js/-/upng-js-2.1.4.tgz"
  "version" "2.1.4"

"ajv@^8.0.1":
  "integrity" "sha512-WSNGFuyWd//XO8n/m/EaOlNLtO0yL8EXT/74LqT4khdhpZjP7lkj/kT5uwRmGitKEVp/Oj7ZUHeGfPtgHhQ5CA=="
  "resolved" "https://registry.npmjs.org/ajv/-/ajv-8.2.0.tgz"
  "version" "8.2.0"
  dependencies:
    "fast-deep-equal" "^3.1.1"
    "json-schema-traverse" "^1.0.0"
    "require-from-string" "^2.0.2"
    "uri-js" "^4.2.2"

"ansi-regex@^5.0.0":
  "integrity" "sha512-bY6fj56OUQ0hU1KjFNDQuJFezqKdrAyFdIevADiqrWHwSlbmBNMHp5ak2f40Pm8JTFyM2mqxkG6ngkHO11f/lg=="
  "resolved" "https://registry.npmjs.org/ansi-regex/-/ansi-regex-5.0.0.tgz"
  "version" "5.0.0"

"ansi-styles@^4.0.0":
  "integrity" "sha512-zbB9rCJAT1rbjiVDb2hqKFHNYLxgtk8NURxZ3IZwD3F6NtxbXZQCnnSi1Lkx+IDohdPlFp222wVALIheZJQSEg=="
  "resolved" "https://registry.npmjs.org/ansi-styles/-/ansi-styles-4.3.0.tgz"
  "version" "4.3.0"
  dependencies:
    "color-convert" "^2.0.1"

"astral-regex@^2.0.0":
  "integrity" "sha512-Z7tMw1ytTXt5jqMcOP+OQteU1VuNK9Y02uuJtKQ1Sv69jXQKKg5cibLwGJow8yzZP+eAc18EmLGPal0bp36rvQ=="
  "resolved" "https://registry.npmjs.org/astral-regex/-/astral-regex-2.0.0.tgz"
  "version" "2.0.0"

"base64-js@^1.3.1":
  "integrity" "sha512-AKpaYlHn8t4SVbOHCy+b5+KKgvR4vrsD8vbvrbiQJps7fKDTkjkDry6ji0rUJjC0kzbNePLwzxq8iypo41qeWA=="
  "resolved" "https://registry.npmjs.org/base64-js/-/base64-js-1.5.1.tgz"
  "version" "1.5.1"

"buffer@^6.0.3":
  "integrity" "sha512-FTiCpNxtwiZZHEZbcbTIcZjERVICn9yq/pDFkTl95/AxzD1naBctN7YO68riM/gLSDY7sdrMby8hofADYuuqOA=="
  "resolved" "https://registry.npmjs.org/buffer/-/buffer-6.0.3.tgz"
  "version" "6.0.3"
  dependencies:
    "base64-js" "^1.3.1"
    "ieee754" "^1.2.1"

"color-convert@^2.0.1":
  "integrity" "sha512-RRECPsj7iu/xb5oKYcsFHSppFNnsj/52OVTRKb4zP5onXwVF3zVmmToNcOfGC+CRDpfK/U584fMg38ZHCaElKQ=="
  "resolved" "https://registry.npmjs.org/color-convert/-/color-convert-2.0.1.tgz"
  "version" "2.0.1"
  dependencies:
    "color-name" "~1.1.4"

"color-name@~1.1.4":
  "integrity" "sha512-dOy+3AuW3a2wNbZHIuMZpTcgjGuLU/uBL/ubcZF9OXbDo8ff4O8yVp5Bf0efS8uEoYo5q4Fx7dY9OgQGXgAsQA=="
  "resolved" "https://registry.npmjs.org/color-name/-/color-name-1.1.4.tgz"
  "version" "1.1.4"

"debug@^2.2.0":
  "integrity" "sha512-bC7ElrdJaJnPbAP+1EotYvqZsb3ecl5wi6Bfi6BJTUcNowp6cvspg0jXznRTKDjm/E7AdgFBVeAPVMNcKGsHMA=="
  "resolved" "https://registry.npmjs.org/debug/-/debug-2.6.9.tgz"
  "version" "2.6.9"
  dependencies:
    "ms" "2.0.0"

"emoji-regex@^8.0.0":
  "integrity" "sha512-MSjYzcWNOA0ewAHpz0MxpYFvwg6yjy1NG3xteoqz644VCo/RPgnr1/GGt+ic3iJTzQ8Eu3TdM14SawnVUmGE6A=="
  "resolved" "https://registry.npmjs.org/emoji-regex/-/emoji-regex-8.0.0.tgz"
  "version" "8.0.0"

"fast-deep-equal@^3.1.1":
  "integrity" "sha512-f3qQ9oQy9j2AhBe/H9VC91wLmKBCCU/gDOnKNAYG5hswO7BLKj09Hc5HYNz9cGI++xlpDCIgDaitVs03ATR84Q=="
  "resolved" "https://registry.npmjs.org/fast-deep-equal/-/fast-deep-equal-3.1.3.tgz"
  "version" "3.1.3"

"ieee754@^1.2.1":
  "integrity" "sha512-dcyqhDvX1C46lXZcVqCpK+FtMRQVdIMN6/Df5js2zouUsqG7I6sFxitIC+7KYK29KdXOLHdu9zL4sFnoVQnqaA=="
  "resolved" "https://registry.npmjs.org/ieee754/-/ieee754-1.2.1.tgz"
  "version" "1.2.1"

"iota-array@^1.0.0":
  "integrity" "sha1-ge9X/l0FgUzVjCSDYyqZwwoOgIc="
  "resolved" "https://registry.npmjs.org/iota-array/-/iota-array-1.0.0.tgz"
  "version" "1.0.0"

"is-buffer@^1.0.2":
  "integrity" "sha512-NcdALwpXkTm5Zvvbk7owOUSvVvBKDgKP5/ewfXEznmQFfs4ZRmanOeKBTjRVjka3QFoN6XJ+9F3USqfHqTaU5w=="
  "resolved" "https://registry.npmjs.org/is-buffer/-/is-buffer-1.1.6.tgz"
  "version" "1.1.6"

"is-fullwidth-code-point@^3.0.0":
  "integrity" "sha512-zymm5+u+sCsSWyD9qNaejV3DFvhCKclKdizYaJUuHA83RLjb7nSuGnddCHGv0hk+KY7BMAlsWeK4Ueg6EV6XQg=="
  "resolved" "https://registry.npmjs.org/is-fullwidth-code-point/-/is-fullwidth-code-point-3.0.0.tgz"
  "version" "3.0.0"

"json-schema-traverse@^1.0.0":
  "integrity" "sha512-NM8/P9n3XjXhIZn1lLhkFaACTOURQXjWhV4BA/RnOv8xvgqtqpAX9IO4mRQxSx1Rlo4tqzeqb0sOlruaOy3dug=="
  "resolved" "https://registry.npmjs.org/json-schema-traverse/-/json-schema-traverse-1.0.0.tgz"
  "version" "1.0.0"

"lodash.clonedeep@^4.5.0":
  "integrity" "sha1-4j8/nE+Pvd6HJSnBBxhXoIblzO8="
  "resolved" "https://registry.npmjs.org/lodash.clonedeep/-/lodash.clonedeep-4.5.0.tgz"
  "version" "4.5.0"

"lodash.flatten@^4.4.0":
  "integrity" "sha1-8xwiIlqWMtK7+OSt2+8kCqdlph8="
  "resolved" "https://registry.npmjs.org/lodash.flatten/-/lodash.flatten-4.4.0.tgz"
  "version" "4.4.0"

"lodash.truncate@^4.4.2":
  "integrity" "sha1-WjUNoLERO4N+z//VgSy+WNbq4ZM="
  "resolved" "https://registry.npmjs.org/lodash.truncate/-/lodash.truncate-4.4.2.tgz"
  "version" "4.4.2"

"ms@2.0.0":
  "integrity" "sha1-VgiurfwAvmwpAd9fmGF4jeDVl8g="
  "resolved" "https://registry.npmjs.org/ms/-/ms-2.0.0.tgz"
  "version" "2.0.0"

"mustache@^4.1.0":
  "integrity" "sha512-71ippSywq5Yb7/tVYyGbkBggbU8H3u5Rz56fH60jGFgr8uHwxs+aSKeqmluIVzM0m0kB7xQjKS6qPfd0b2ZoqQ=="
  "resolved" "https://registry.npmjs.org/mustache/-/mustache-4.2.0.tgz"
  "version" "4.2.0"

"mutable-buffer@2.0.3":
  "integrity" "sha1-Z7ylVovxXT9gNftxbjiZ3ESQHIw="
  "resolved" "https://registry.npmjs.org/mutable-buffer/-/mutable-buffer-2.0.3.tgz"
  "version" "2.0.3"

"ndarray@^1.0.19":
  "integrity" "sha512-B4JHA4vdyZU30ELBw3g7/p9bZupyew5a7tX1Y/gGeF2hafrPaQZhgrGQfsvgfYbgdFZjYwuEcnaobeM/WMW+HQ=="
  "resolved" "https://registry.npmjs.org/ndarray/-/ndarray-1.0.19.tgz"
  "version" "1.0.19"
  dependencies:
    "iota-array" "^1.0.0"
    "is-buffer" "^1.0.2"

"pako@^1.0.5":
  "integrity" "sha512-4hLB8Py4zZce5s4yd9XzopqwVv/yGNhV1Bl8NTmCq1763HeK2+EwVTv+leGeL13Dnh2wfbqowVPXCIO0z4taYw=="
  "resolved" "https://registry.npmjs.org/pako/-/pako-1.0.11.tgz"
  "version" "1.0.11"

"punycode@^2.1.0":
  "integrity" "sha512-XRsRjdf+j5ml+y/6GKHPZbrF/8p2Yga0JPtdqTIY2Xe5ohJPD9saDJJLPvp9+NSBprVvevdXZybnj2cv8OEd0A=="
  "resolved" "https://registry.npmjs.org/punycode/-/punycode-2.1.1.tgz"
  "version" "2.1.1"

"require-from-string@^2.0.2":
  "integrity" "sha512-Xf0nWe6RseziFMu+Ap9biiUbmplq6S9/p+7w7YXP/JBHhrUDDUhwa+vANyubuqfZWTveU//DYVGsDG7RKL/vEw=="
  "resolved" "https://registry.npmjs.org/require-from-string/-/require-from-string-2.0.2.tgz"
  "version" "2.0.2"

"slice-ansi@^4.0.0":
  "integrity" "sha512-qMCMfhY040cVHT43K9BFygqYbUPFZKHOg7K73mtTWJRb8pyP3fzf4Ixd5SzdEJQ6MRUg/WBnOLxghZtKKurENQ=="
  "resolved" "https://registry.npmjs.org/slice-ansi/-/slice-ansi-4.0.0.tgz"
  "version" "4.0.0"
  dependencies:
    "ansi-styles" "^4.0.0"
    "astral-regex" "^2.0.0"
    "is-fullwidth-code-point" "^3.0.0"

"string-width@^4.2.0":
  "integrity" "sha512-XBJbT3N4JhVumXE0eoLU9DCjcaF92KLNqTmFCnG1pf8duUxFGwtP6AD6nkjw9a3IdiRtL3E2w3JDiE/xi3vOeA=="
  "resolved" "https://registry.npmjs.org/string-width/-/string-width-4.2.2.tgz"
  "version" "4.2.2"
  dependencies:
    "emoji-regex" "^8.0.0"
    "is-fullwidth-code-point" "^3.0.0"
    "strip-ansi" "^6.0.0"

"strip-ansi@^6.0.0":
  "integrity" "sha512-AuvKTrTfQNYNIctbR1K/YGTR1756GycPsg7b9bdV9Duqur4gv6aKqHXah67Z8ImS7WEz5QVcOtlfW2rZEugt6w=="
  "resolved" "https://registry.npmjs.org/strip-ansi/-/strip-ansi-6.0.0.tgz"
  "version" "6.0.0"
  dependencies:
    "ansi-regex" "^5.0.0"

"table@^6.6.0":
  "integrity" "sha512-iZMtp5tUvcnAdtHpZTWLPF0M7AgiQsURR2DwmxnJwSy8I3+cY+ozzVvYha3BOLG2TB+L0CqjIz+91htuj6yCXg=="
  "resolved" "https://registry.npmjs.org/table/-/table-6.6.0.tgz"
  "version" "6.6.0"
  dependencies:
    "ajv" "^8.0.1"
    "lodash.clonedeep" "^4.5.0"
    "lodash.flatten" "^4.4.0"
    "lodash.truncate" "^4.4.2"
    "slice-ansi" "^4.0.0"
    "string-width" "^4.2.0"
    "strip-ansi" "^6.0.0"

"typescript@^4.2.4":
  "integrity" "sha512-V+evlYHZnQkaz8TRBuxTA92yZBPotr5H+WhQ7bD3hZUndx5tGOa1fuCgeSjxAzM1RiN5IzvadIXTVefuuwZCRg=="
  "resolved" "https://registry.npmjs.org/typescript/-/typescript-4.2.4.tgz"
  "version" "4.2.4"

"upng-js@^2.1.0", "upng-js@2.1.0":
  "integrity" "sha512-d3xzZzpMP64YkjP5pr8gNyvBt7dLk/uGI67EctzDuVp4lCZyVMo0aJO6l/VDlgbInJYDY6cnClLoBp29eKWI6g=="
  "resolved" "https://registry.npmjs.org/upng-js/-/upng-js-2.1.0.tgz"
  "version" "2.1.0"
  dependencies:
    "pako" "^1.0.5"

"uri-js@^4.2.2":
  "integrity" "sha512-7rKUyy33Q1yc98pQ1DAmLtwX109F7TIfWlW1Ydo8Wl1ii1SeHieeh0HHfPeL2fMXK6z0s8ecKs9frCuLJvndBg=="
  "resolved" "https://registry.npmjs.org/uri-js/-/uri-js-4.4.1.tgz"
  "version" "4.4.1"
  dependencies:
    "punycode" "^2.1.0"

"xml-parser@^1.2.1":
  "integrity" "sha1-wx9MNPKXXbgq0BMiISBZJzYVb80="
  "resolved" "https://registry.npmjs.org/xml-parser/-/xml-parser-1.2.1.tgz"
  "version" "1.2.1"
  dependencies:
    "debug" "^2.2.0"
